// !$*UTF8*$!
{
	archiveVersion = 1;
	classes = {
	};
	objectVersion = 77;
	objects = {

/* Begin PBXBuildFile section */
		F5820B982EF59C8D0080EBD1 /* ZIPFoundation in Frameworks */ = {isa = PBXBuildFile; productRef = F5820B972EF59C8D0080EBD1 /* ZIPFoundation */; };
/* End PBXBuildFile section */

/* Begin PBXContainerItemProxy section */
		F5820B702EF580590080EBD1 /* PBXContainerItemProxy */ = {
			isa = PBXContainerItemProxy;
			containerPortal = F5820B5A2EF580570080EBD1 /* Project object */;
			proxyType = 1;
			remoteGlobalIDString = F5820B612EF580570080EBD1;
			remoteInfo = Unfollowers;
		};
		F5820B7A2EF580590080EBD1 /* PBXContainerItemProxy */ = {
			isa = PBXContainerItemProxy;
			containerPortal = F5820B5A2EF580570080EBD1 /* Project object */;
			proxyType = 1;
			remoteGlobalIDString = F5820B612EF580570080EBD1;
			remoteInfo = Unfollowers;
		};
/* End PBXContainerItemProxy section */

/* Begin PBXFileReference section */
		F5820B622EF580570080EBD1 /* Unfollowers.app */ = {isa = PBXFileReference; explicitFileType = wrapper.application; includeInIndex = 0; path = Unfollowers.app; sourceTree = BUILT_PRODUCTS_DIR; };
		F5820B6F2EF580590080EBD1 /* UnfollowersTests.xctest */ = {isa = PBXFileReference; explicitFileType = wrapper.cfbundle; includeInIndex = 0; path = UnfollowersTests.xctest; sourceTree = BUILT_PRODUCTS_DIR; };
		F5820B792EF580590080EBD1 /* UnfollowersUITests.xctest */ = {isa = PBXFileReference; explicitFileType = wrapper.cfbundle; includeInIndex = 0; path = UnfollowersUITests.xctest; sourceTree = BUILT_PRODUCTS_DIR; };
		F5866C5E2F17AEFB002D0FF2 /* Unfollowers.xctestplan */ = {isa = PBXFileReference; lastKnownFileType = text; path = Unfollowers.xctestplan; sourceTree = "<group>"; };
/* End PBXFileReference section */

/* Begin PBXFileSystemSynchronizedRootGroup section */
		F5820B642EF580570080EBD1 /* Unfollowers */ = {
			isa = PBXFileSystemSynchronizedRootGroup;
			path = Unfollowers;
			sourceTree = "<group>";
		};
		F5820B722EF580590080EBD1 /* UnfollowersTests */ = {
			isa = PBXFileSystemSynchronizedRootGroup;
			path = UnfollowersTests;
			sourceTree = "<group>";
		};
		F5820B7C2EF580590080EBD1 /* UnfollowersUITests */ = {
			isa = PBXFileSystemSynchronizedRootGroup;
			path = UnfollowersUITests;
			sourceTree = "<group>";
		};
/* End PBXFileSystemSynchronizedRootGroup section */

/* Begin PBXFrameworksBuildPhase section */
		F5820B5F2EF580570080EBD1 /* Frameworks */ = {
			isa = PBXFrameworksBuildPhase;
			buildActionMask = 2147483647;
			files = (
				F5820B982EF59C8D0080EBD1 /* ZIPFoundation in Frameworks */,
			);
			runOnlyForDeploymentPostprocessing = 0;
		};
		F5820B6C2EF580590080EBD1 /* Frameworks */ = {
			isa = PBXFrameworksBuildPhase;
			buildActionMask = 2147483647;
			files = (
			);
			runOnlyForDeploymentPostprocessing = 0;
		};
		F5820B762EF580590080EBD1 /* Frameworks */ = {
			isa = PBXFrameworksBuildPhase;
			buildActionMask = 2147483647;
			files = (
			);
			runOnlyForDeploymentPostprocessing = 0;
		};
/* End PBXFrameworksBuildPhase section */

/* Begin PBXGroup section */
		F5820B592EF580570080EBD1 = {
			isa = PBXGroup;
			children = (
				F5866C5E2F17AEFB002D0FF2 /* Unfollowers.xctestplan */,
				F5820B642EF580570080EBD1 /* Unfollowers */,
				F5820B722EF580590080EBD1 /* UnfollowersTests */,
				F5820B7C2EF580590080EBD1 /* UnfollowersUITests */,
				F5820B962EF59C8D0080EBD1 /* Frameworks */,
				F5820B632EF580570080EBD1 /* Products */,
			);
			sourceTree = "<group>";
		};
		F5820B632EF580570080EBD1 /* Products */ = {
			isa = PBXGroup;
			children = (
				F5820B622EF580570080EBD1 /* Unfollowers.app */,
				F5820B6F2EF580590080EBD1 /* UnfollowersTests.xctest */,
				F5820B792EF580590080EBD1 /* UnfollowersUITests.xctest */,
			);
			name = Products;
			sourceTree = "<group>";
		};
		F5820B962EF59C8D0080EBD1 /* Frameworks */ = {
			isa = PBXGroup;
			children = (
			);
			name = Frameworks;
			sourceTree = "<group>";
		};
/* End PBXGroup section */

/* Begin PBXNativeTarget section */
		F5820B612EF580570080EBD1 /* Unfollowers */ = {
			isa = PBXNativeTarget;
			buildConfigurationList = F5820B832EF580590080EBD1 /* Build configuration list for PBXNativeTarget "Unfollowers" */;
			buildPhases = (
				F5820B5E2EF580570080EBD1 /* Sources */,
				F5820B5F2EF580570080EBD1 /* Frameworks */,
				F5820B602EF580570080EBD1 /* Resources */,
			);
			buildRules = (
			);
			dependencies = (
			);
			fileSystemSynchronizedGroups = (
				F5820B642EF580570080EBD1 /* Unfollowers */,
			);
			name = Unfollowers;
			packageProductDependencies = (
				F5820B972EF59C8D0080EBD1 /* ZIPFoundation */,
			);
			productName = Unfollowers;
			productReference = F5820B622EF580570080EBD1 /* Unfollowers.app */;
			productType = "com.apple.product-type.application";
		};
		F5820B6E2EF580590080EBD1 /* UnfollowersTests */ = {
			isa = PBXNativeTarget;
			buildConfigurationList = F5820B862EF580590080EBD1 /* Build configuration list for PBXNativeTarget "UnfollowersTests" */;
			buildPhases = (
				F5820B6B2EF580590080EBD1 /* Sources */,
				F5820B6C2EF580590080EBD1 /* Frameworks */,
				F5820B6D2EF580590080EBD1 /* Resources */,
			);
			buildRules = (
			);
			dependencies = (
				F5820B712EF580590080EBD1 /* PBXTargetDependency */,
			);
			fileSystemSynchronizedGroups = (
				F5820B722EF580590080EBD1 /* UnfollowersTests */,
			);
			name = UnfollowersTests;
			packageProductDependencies = (
			);
			productName = UnfollowersTests;
			productReference = F5820B6F2EF580590080EBD1 /* UnfollowersTests.xctest */;
			productType = "com.apple.product-type.bundle.unit-test";
		};
		F5820B782EF580590080EBD1 /* UnfollowersUITests */ = {
			isa = PBXNativeTarget;
			buildConfigurationList = F5820B892EF580590080EBD1 /* Build configuration list for PBXNativeTarget "UnfollowersUITests" */;
			buildPhases = (
				F5820B752EF580590080EBD1 /* Sources */,
				F5820B762EF580590080EBD1 /* Frameworks */,
				F5820B772EF580590080EBD1 /* Resources */,
			);
			buildRules = (
			);
			dependencies = (
				F5820B7B2EF580590080EBD1 /* PBXTargetDependency */,
			);
			fileSystemSynchronizedGroups = (
				F5820B7C2EF580590080EBD1 /* UnfollowersUITests */,
			);
			name = UnfollowersUITests;
			packageProductDependencies = (
			);
			productName = UnfollowersUITests;
			productReference = F5820B792EF580590080EBD1 /* UnfollowersUITests.xctest */;
			productType = "com.apple.product-type.bundle.ui-testing";
		};
/* End PBXNativeTarget section */

/* Begin PBXProject section */
		F5820B5A2EF580570080EBD1 /* Project object */ = {
			isa = PBXProject;
			attributes = {
				BuildIndependentTargetsInParallel = 1;
				LastSwiftUpdateCheck = 1640;
				LastUpgradeCheck = 1640;
				TargetAttributes = {
					F5820B612EF580570080EBD1 = {
						CreatedOnToolsVersion = 16.4;
					};
					F5820B6E2EF580590080EBD1 = {
						CreatedOnToolsVersion = 16.4;
						TestTargetID = F5820B612EF580570080EBD1;
					};
					F5820B782EF580590080EBD1 = {
						CreatedOnToolsVersion = 16.4;
						TestTargetID = F5820B612EF580570080EBD1;
					};
				};
			};
			buildConfigurationList = F5820B5D2EF580570080EBD1 /* Build configuration list for PBXProject "Unfollowers" */;
			developmentRegion = en;
			hasScannedForEncodings = 0;
			knownRegions = (
				en,
				Base,
				tr,
			);
			mainGroup = F5820B592EF580570080EBD1;
			minimizedProjectReferenceProxies = 1;
			packageReferences = (
				F5820B952EF59A2A0080EBD1 /* XCRemoteSwiftPackageReference "ZIPFoundation" */,
			);
			preferredProjectObjectVersion = 77;
			productRefGroup = F5820B632EF580570080EBD1 /* Products */;
			projectDirPath = "";
			projectRoot = "";
			targets = (
				F5820B612EF580570080EBD1 /* Unfollowers */,
				F5820B6E2EF580590080EBD1 /* UnfollowersTests */,
				F5820B782EF580590080EBD1 /* UnfollowersUITests */,
			);
		};
/* End PBXProject section */

/* Begin PBXResourcesBuildPhase section */
		F5820B602EF580570080EBD1 /* Resources */ = {
			isa = PBXResourcesBuildPhase;
			buildActionMask = 2147483647;
			files = (
			);
			runOnlyForDeploymentPostprocessing = 0;
		};
		F5820B6D2EF580590080EBD1 /* Resources */ = {
			isa = PBXResourcesBuildPhase;
			buildActionMask = 2147483647;
			files = (
			);
			runOnlyForDeploymentPostprocessing = 0;
		};
		F5820B772EF580590080EBD1 /* Resources */ = {
			isa = PBXResourcesBuildPhase;
			buildActionMask = 2147483647;
			files = (
			);
			runOnlyForDeploymentPostprocessing = 0;
		};
/* End PBXResourcesBuildPhase section */

/* Begin PBXSourcesBuildPhase section */
		F5820B5E2EF580570080EBD1 /* Sources */ = {
			isa = PBXSourcesBuildPhase;
			buildActionMask = 2147483647;
			files = (
			);
			runOnlyForDeploymentPostprocessing = 0;
		};
		F5820B6B2EF580590080EBD1 /* Sources */ = {
			isa = PBXSourcesBuildPhase;
			buildActionMask = 2147483647;
			files = (
			);
			runOnlyForDeploymentPostprocessing = 0;
		};
		F5820B752EF580590080EBD1 /* Sources */ = {
			isa = PBXSourcesBuildPhase;
			buildActionMask = 2147483647;
			files = (
			);
			runOnlyForDeploymentPostprocessing = 0;
		};
/* End PBXSourcesBuildPhase section */

/* Begin PBXTargetDependency section */
		F5820B712EF580590080EBD1 /* PBXTargetDependency */ = {
			isa = PBXTargetDependency;
			target = F5820B612EF580570080EBD1 /* Unfollowers */;
			targetProxy = F5820B702EF580590080EBD1 /* PBXContainerItemProxy */;
		};
		F5820B7B2EF580590080EBD1 /* PBXTargetDependency */ = {
			isa = PBXTargetDependency;
			target = F5820B612EF580570080EBD1 /* Unfollowers */;
			targetProxy = F5820B7A2EF580590080EBD1 /* PBXContainerItemProxy */;
		};
/* End PBXTargetDependency section */

/* Begin XCBuildConfiguration section */
		F5820B812EF580590080EBD1 /* Debug */ = {
			isa = XCBuildConfiguration;
			buildSettings = {
				ALWAYS_SEARCH_USER_PATHS = NO;
				ASSETCATALOG_COMPILER_GENERATE_SWIFT_ASSET_SYMBOL_EXTENSIONS = YES;
				CLANG_ANALYZER_NONNULL = YES;
				CLANG_ANALYZER_NUMBER_OBJECT_CONVERSION = YES_AGGRESSIVE;
				CLANG_CXX_LANGUAGE_STANDARD = "gnu++20";
				CLANG_ENABLE_MODULES = YES;
				CLANG_ENABLE_OBJC_ARC = YES;
				CLANG_ENABLE_OBJC_WEAK = YES;
				CLANG_WARN_BLOCK_CAPTURE_AUTORELEASING = YES;
				CLANG_WARN_BOOL_CONVERSION = YES;
				CLANG_WARN_COMMA = YES;
				CLANG_WARN_CONSTANT_CONVERSION = YES;
				CLANG_WARN_DEPRECATED_OBJC_IMPLEMENTATIONS = YES;
				CLANG_WARN_DIRECT_OBJC_ISA_USAGE = YES_ERROR;
				CLANG_WARN_DOCUMENTATION_COMMENTS = YES;
				CLANG_WARN_EMPTY_BODY = YES;
				CLANG_WARN_ENUM_CONVERSION = YES;
				CLANG_WARN_INFINITE_RECURSION = YES;
				CLANG_WARN_INT_CONVERSION = YES;
				CLANG_WARN_NON_LITERAL_NULL_CONVERSION = YES;
				CLANG_WARN_OBJC_IMPLICIT_RETAIN_SELF = YES;
				CLANG_WARN_OBJC_LITERAL_CONVERSION = YES;
				CLANG_WARN_OBJC_ROOT_CLASS = YES_ERROR;
				CLANG_WARN_QUOTED_INCLUDE_IN_FRAMEWORK_HEADER = YES;
				CLANG_WARN_RANGE_LOOP_ANALYSIS = YES;
				CLANG_WARN_STRICT_PROTOTYPES = YES;
				CLANG_WARN_SUSPICIOUS_MOVE = YES;
				CLANG_WARN_UNGUARDED_AVAILABILITY = YES_AGGRESSIVE;
				CLANG_WARN_UNREACHABLE_CODE = YES;
				CLANG_WARN__DUPLICATE_METHOD_MATCH = YES;
				COPY_PHASE_STRIP = NO;
				DEBUG_INFORMATION_FORMAT = dwarf;
				ENABLE_STRICT_OBJC_MSGSEND = YES;
				ENABLE_TESTABILITY = YES;
				ENABLE_USER_SCRIPT_SANDBOXING = YES;
				GCC_C_LANGUAGE_STANDARD = gnu17;
				GCC_DYNAMIC_NO_PIC = NO;
				GCC_NO_COMMON_BLOCKS = YES;
				GCC_OPTIMIZATION_LEVEL = 0;
				GCC_PREPROCESSOR_DEFINITIONS = (
					"DEBUG=1",
					"$(inherited)",
				);
				GCC_WARN_64_TO_32_BIT_CONVERSION = YES;
				GCC_WARN_ABOUT_RETURN_TYPE = YES_ERROR;
				GCC_WARN_UNDECLARED_SELECTOR = YES;
				GCC_WARN_UNINITIALIZED_AUTOS = YES_AGGRESSIVE;
				GCC_WARN_UNUSED_FUNCTION = YES;
				GCC_WARN_UNUSED_VARIABLE = YES;
				IPHONEOS_DEPLOYMENT_TARGET = 18.5;
				LOCALIZATION_PREFERS_STRING_CATALOGS = YES;
				MTL_ENABLE_DEBUG_INFO = INCLUDE_SOURCE;
				MTL_FAST_MATH = YES;
				ONLY_ACTIVE_ARCH = YES;
				SDKROOT = iphoneos;
				SWIFT_ACTIVE_COMPILATION_CONDITIONS = "DEBUG $(inherited)";
				SWIFT_OPTIMIZATION_LEVEL = "-Onone";
			};
			name = Debug;
		};
		F5820B822EF580590080EBD1 /* Release */ = {
			isa = XCBuildConfiguration;
			buildSettings = {
				ALWAYS_SEARCH_USER_PATHS = NO;
				ASSETCATALOG_COMPILER_GENERATE_SWIFT_ASSET_SYMBOL_EXTENSIONS = YES;
				CLANG_ANALYZER_NONNULL = YES;
				CLANG_ANALYZER_NUMBER_OBJECT_CONVERSION = YES_AGGRESSIVE;
				CLANG_CXX_LANGUAGE_STANDARD = "gnu++20";
				CLANG_ENABLE_MODULES = YES;
				CLANG_ENABLE_OBJC_ARC = YES;
				CLANG_ENABLE_OBJC_WEAK = YES;
				CLANG_WARN_BLOCK_CAPTURE_AUTORELEASING = YES;
				CLANG_WARN_BOOL_CONVERSION = YES;
				CLANG_WARN_COMMA = YES;
				CLANG_WARN_CONSTANT_CONVERSION = YES;
				CLANG_WARN_DEPRECATED_OBJC_IMPLEMENTATIONS = YES;
				CLANG_WARN_DIRECT_OBJC_ISA_USAGE = YES_ERROR;
				CLANG_WARN_DOCUMENTATION_COMMENTS = YES;
				CLANG_WARN_EMPTY_BODY = YES;
				CLANG_WARN_ENUM_CONVERSION = YES;
				CLANG_WARN_INFINITE_RECURSION = YES;
				CLANG_WARN_INT_CONVERSION = YES;
				CLANG_WARN_NON_LITERAL_NULL_CONVERSION = YES;
				CLANG_WARN_OBJC_IMPLICIT_RETAIN_SELF = YES;
				CLANG_WARN_OBJC_LITERAL_CONVERSION = YES;
				CLANG_WARN_OBJC_ROOT_CLASS = YES_ERROR;
				CLANG_WARN_QUOTED_INCLUDE_IN_FRAMEWORK_HEADER = YES;
				CLANG_WARN_RANGE_LOOP_ANALYSIS = YES;
				CLANG_WARN_STRICT_PROTOTYPES = YES;
				CLANG_WARN_SUSPICIOUS_MOVE = YES;
				CLANG_WARN_UNGUARDED_AVAILABILITY = YES_AGGRESSIVE;
				CLANG_WARN_UNREACHABLE_CODE = YES;
				CLANG_WARN__DUPLICATE_METHOD_MATCH = YES;
				COPY_PHASE_STRIP = NO;
				DEBUG_INFORMATION_FORMAT = "dwarf-with-dsym";
				ENABLE_NS_ASSERTIONS = NO;
				ENABLE_STRICT_OBJC_MSGSEND = YES;
				ENABLE_USER_SCRIPT_SANDBOXING = YES;
				GCC_C_LANGUAGE_STANDARD = gnu17;
				GCC_NO_COMMON_BLOCKS = YES;
				GCC_WARN_64_TO_32_BIT_CONVERSION = YES;
				GCC_WARN_ABOUT_RETURN_TYPE = YES_ERROR;
				GCC_WARN_UNDECLARED_SELECTOR = YES;
				GCC_WARN_UNINITIALIZED_AUTOS = YES_AGGRESSIVE;
				GCC_WARN_UNUSED_FUNCTION = YES;
				GCC_WARN_UNUSED_VARIABLE = YES;
				IPHONEOS_DEPLOYMENT_TARGET = 18.5;
				LOCALIZATION_PREFERS_STRING_CATALOGS = YES;
				MTL_ENABLE_DEBUG_INFO = NO;
				MTL_FAST_MATH = YES;
				SDKROOT = iphoneos;
				SWIFT_COMPILATION_MODE = wholemodule;
				VALIDATE_PRODUCT = YES;
			};
			name = Release;
		};
		F5820B842EF580590080EBD1 /* Debug */ = {
			isa = XCBuildConfiguration;
			buildSettings = {
				ASSETCATALOG_COMPILER_APPICON_NAME = AppIcon;
				ASSETCATALOG_COMPILER_GLOBAL_ACCENT_COLOR_NAME = AccentColor;
				CODE_SIGN_STYLE = Automatic;
				CURRENT_PROJECT_VERSION = 1;
				ENABLE_PREVIEWS = YES;
				GENERATE_INFOPLIST_FILE = YES;
				INFOPLIST_KEY_UIApplicationSceneManifest_Generation = YES;
				INFOPLIST_KEY_UIApplicationSupportsIndirectInputEvents = YES;
				INFOPLIST_KEY_UILaunchScreen_Generation = YES;
				INFOPLIST_KEY_UISupportedInterfaceOrientations_iPad = "UIInterfaceOrientationPortrait UIInterfaceOrientationPortraitUpsideDown UIInterfaceOrientationLandscapeLeft UIInterfaceOrientationLandscapeRight";
				INFOPLIST_KEY_UISupportedInterfaceOrientations_iPhone = "UIInterfaceOrientationPortrait UIInterfaceOrientationLandscapeLeft UIInterfaceOrientationLandscapeRight";
				LD_RUNPATH_SEARCH_PATHS = (
					"$(inherited)",
					"@executable_path/Frameworks",
				);
				MARKETING_VERSION = 1.0;
				PRODUCT_BUNDLE_IDENTIFIER = com.hakancelik.Unfollowers;
				PRODUCT_NAME = "$(TARGET_NAME)";
				SWIFT_EMIT_LOC_STRINGS = YES;
				SWIFT_VERSION = 5.9;
				TARGETED_DEVICE_FAMILY = "1,2";
			};
			name = Debug;
		};
		F5820B852EF580590080EBD1 /* Release */ = {
			isa = XCBuildConfiguration;
			buildSettings = {
				ASSETCATALOG_COMPILER_APPICON_NAME = AppIcon;
				ASSETCATALOG_COMPILER_GLOBAL_ACCENT_COLOR_NAME = AccentColor;
				CODE_SIGN_STYLE = Automatic;
				CURRENT_PROJECT_VERSION = 1;
				ENABLE_PREVIEWS = YES;
				GENERATE_INFOPLIST_FILE = YES;
				INFOPLIST_KEY_UIApplicationSceneManifest_Generation = YES;
				INFOPLIST_KEY_UIApplicationSupportsIndirectInputEvents = YES;
				INFOPLIST_KEY_UILaunchScreen_Generation = YES;
				INFOPLIST_KEY_UISupportedInterfaceOrientations_iPad = "UIInterfaceOrientationPortrait UIInterfaceOrientationPortraitUpsideDown UIInterfaceOrientationLandscapeLeft UIInterfaceOrientationLandscapeRight";
				INFOPLIST_KEY_UISupportedInterfaceOrientations_iPhone = "UIInterfaceOrientationPortrait UIInterfaceOrientationLandscapeLeft UIInterfaceOrientationLandscapeRight";
				LD_RUNPATH_SEARCH_PATHS = (
					"$(inherited)",
					"@executable_path/Frameworks",
				);
				MARKETING_VERSION = 1.0;
				PRODUCT_BUNDLE_IDENTIFIER = com.hakancelik.Unfollowers;
				PRODUCT_NAME = "$(TARGET_NAME)";
				SWIFT_EMIT_LOC_STRINGS = YES;
				SWIFT_VERSION = 5.9;
				TARGETED_DEVICE_FAMILY = "1,2";
			};
			name = Release;
		};
		F5820B872EF580590080EBD1 /* Debug */ = {
			isa = XCBuildConfiguration;
			buildSettings = {
				BUNDLE_LOADER = "$(TEST_HOST)";
				CODE_SIGN_STYLE = Automatic;
				CURRENT_PROJECT_VERSION = 1;
				GENERATE_INFOPLIST_FILE = YES;
				IPHONEOS_DEPLOYMENT_TARGET = 18.5;
				MARKETING_VERSION = 1.0;
				PRODUCT_BUNDLE_IDENTIFIER = com.hakancelik.UnfollowersTests;
				PRODUCT_NAME = "$(TARGET_NAME)";
				SWIFT_EMIT_LOC_STRINGS = NO;
				SWIFT_VERSION = 5.9;
				TARGETED_DEVICE_FAMILY = "1,2";
				TEST_HOST = "$(BUILT_PRODUCTS_DIR)/Unfollowers.app/$(BUNDLE_EXECUTABLE_FOLDER_PATH)/Unfollowers";
			};
			name = Debug;
		};
		F5820B882EF580590080EBD1 /* Release */ = {
			isa = XCBuildConfiguration;
			buildSettings = {
				BUNDLE_LOADER = "$(TEST_HOST)";
				CODE_SIGN_STYLE = Automatic;
				CURRENT_PROJECT_VERSION = 1;
				GENERATE_INFOPLIST_FILE = YES;
				IPHONEOS_DEPLOYMENT_TARGET = 18.5;
				MARKETING_VERSION = 1.0;
				PRODUCT_BUNDLE_IDENTIFIER = com.hakancelik.UnfollowersTests;
				PRODUCT_NAME = "$(TARGET_NAME)";
				SWIFT_EMIT_LOC_STRINGS = NO;
				SWIFT_VERSION = 5.9;
				TARGETED_DEVICE_FAMILY = "1,2";
				TEST_HOST = "$(BUILT_PRODUCTS_DIR)/Unfollowers.app/$(BUNDLE_EXECUTABLE_FOLDER_PATH)/Unfollowers";
			};
			name = Release;
		};
		F5820B8A2EF580590080EBD1 /* Debug */ = {
			isa = XCBuildConfiguration;
			buildSettings = {
				CODE_SIGN_STYLE = Automatic;
				CURRENT_PROJECT_VERSION = 1;
				GENERATE_INFOPLIST_FILE = YES;
				MARKETING_VERSION = 1.0;
				PRODUCT_BUNDLE_IDENTIFIER = com.hakancelik.UnfollowersUITests;
				PRODUCT_NAME = "$(TARGET_NAME)";
				SWIFT_EMIT_LOC_STRINGS = NO;
				SWIFT_VERSION = 5.9;
				TARGETED_DEVICE_FAMILY = "1,2";
				TEST_TARGET_NAME = Unfollowers;
			};
			name = Debug;
		};
		F5820B8B2EF580590080EBD1 /* Release */ = {
			isa = XCBuildConfiguration;
			buildSettings = {
				CODE_SIGN_STYLE = Automatic;
				CURRENT_PROJECT_VERSION = 1;
				GENERATE_INFOPLIST_FILE = YES;
				MARKETING_VERSION = 1.0;
				PRODUCT_BUNDLE_IDENTIFIER = com.hakancelik.UnfollowersUITests;
				PRODUCT_NAME = "$(TARGET_NAME)";
				SWIFT_EMIT_LOC_STRINGS = NO;
				SWIFT_VERSION = 5.0;
				TARGETED_DEVICE_FAMILY = "1,2";
				TEST_TARGET_NAME = Unfollowers;
			};
			name = Release;
		};
/* End XCBuildConfiguration section */

/* Begin XCConfigurationList section */
		F5820B5D2EF580570080EBD1 /* Build configuration list for PBXProject "Unfollowers" */ = {
			isa = XCConfigurationList;
			buildConfigurations = (
				F5820B812EF580590080EBD1 /* Debug */,
				F5820B822EF580590080EBD1 /* Release */,
			);
			defaultConfigurationIsVisible = 0;
			defaultConfigurationName = Release;
		};
		F5820B832EF580590080EBD1 /* Build configuration list for PBXNativeTarget "Unfollowers" */ = {
			isa = XCConfigurationList;
			buildConfigurations = (
				F5820B842EF580590080EBD1 /* Debug */,
				F5820B852EF580590080EBD1 /* Release */,
			);
			defaultConfigurationIsVisible = 0;
			defaultConfigurationName = Release;
		};
		F5820B862EF580590080EBD1 /* Build configuration list for PBXNativeTarget "UnfollowersTests" */ = {
			isa = XCConfigurationList;
			buildConfigurations = (
				F5820B872EF580590080EBD1 /* Debug */,
				F5820B882EF580590080EBD1 /* Release */,
			);
			defaultConfigurationIsVisible = 0;
			defaultConfigurationName = Release;
		};
		F5820B892EF580590080EBD1 /* Build configuration list for PBXNativeTarget "UnfollowersUITests" */ = {
			isa = XCConfigurationList;
			buildConfigurations = (
				F5820B8A2EF580590080EBD1 /* Debug */,
				F5820B8B2EF580590080EBD1 /* Release */,
			);
			defaultConfigurationIsVisible = 0;
			defaultConfigurationName = Release;
		};
/* End XCConfigurationList section */

/* Begin XCRemoteSwiftPackageReference section */
		F5820B952EF59A2A0080EBD1 /* XCRemoteSwiftPackageReference "ZIPFoundation" */ = {
			isa = XCRemoteSwiftPackageReference;
			repositoryURL = "https://github.com/weichsel/ZIPFoundation";
			requirement = {
				kind = upToNextMajorVersion;
				minimumVersion = 0.9.20;
			};
		};
/* End XCRemoteSwiftPackageReference section */

/* Begin XCSwiftPackageProductDependency section */
		F5820B972EF59C8D0080EBD1 /* ZIPFoundation */ = {
			isa = XCSwiftPackageProductDependency;
			package = F5820B952EF59A2A0080EBD1 /* XCRemoteSwiftPackageReference "ZIPFoundation" */;
			productName = ZIPFoundation;
		};
/* End XCSwiftPackageProductDependency section */
	};
	rootObject = F5820B5A2EF580570080EBD1 /* Project object */;
}
